
Microsoft Visual Studio Solution File, Format Version 12.00
# Visual Studio Version 16
VisualStudioVersion = 16.0.31105.61
MinimumVisualStudioVersion = 10.0.40219.1
Project("{FAE04EC0-301F-11D3-BF4B-00C04F79EFBC}") = "DapperDemo", "DapperDemo\DapperDemo.csproj", "{CED92F5E-9162-45FB-8173-8A9BC20E6FA8}"
EndProject
Project("{FAE04EC0-301F-11D3-BF4B-00C04F79EFBC}") = "DapperDemo.Form", "Test\DapperDemo.Form.csproj", "{8499A481-632F-4482-86FE-44D68A03E124}"
EndProject
Project("{FAE04EC0-301F-11D3-BF4B-00C04F79EFBC}") = "DapperDemo.Web.API", "DapperDemo.Web.API\DapperDemo.Web.API.csproj", "{5C0A4E2F-D864-4A23-84AC-E181343E3753}"
EndProject
Global
	GlobalSection(SolutionConfigurationPlatforms) = preSolution
		Debug|Any CPU = Debug|Any CPU
		Release|Any CPU = Release|Any CPU
	EndGlobalSection
	GlobalSection(ProjectConfigurationPlatforms) = postSolution
		{CED92F5E-9162-45FB-8173-8A9BC20E6FA8}.Debug|Any CPU.ActiveCfg = Debug|Any CPU
		{CED92F5E-9162-45FB-8173-8A9BC20E6FA8}.Debug|Any CPU.Build.0 = Debug|Any CPU
		{CED92F5E-9162-45FB-8173-8A9BC20E6FA8}.Release|Any CPU.ActiveCfg = Release|Any CPU
		{CED92F5E-9162-45FB-8173-8A9BC20E6FA8}.Release|Any CPU.Build.0 = Release|Any CPU
		{8499A481-632F-4482-86FE-44D68A03E124}.Debug|Any CPU.ActiveCfg = Debug|Any CPU
		{8499A481-632F-4482-86FE-44D68A03E124}.Debug|Any CPU.Build.0 = Debug|Any CPU
		{8499A481-632F-4482-86FE-44D68A03E124}.Release|Any CPU.ActiveCfg = Release|Any CPU
		{8499A481-632F-4482-86FE-44D68A03E124}.Release|Any CPU.Build.0 = Release|Any CPU
		{5C0A4E2F-D864-4A23-84AC-E181343E3753}.Debug|Any CPU.ActiveCfg = Debug|Any CPU
		{5C0A4E2F-D864-4A23-84AC-E181343E3753}.Debug|Any CPU.Build.0 = Debug|Any CPU
		{5C0A4E2F-D864-4A23-84AC-E181343E3753}.Release|Any CPU.ActiveCfg = Release|Any CPU
		{5C0A4E2F-D864-4A23-84AC-E181343E3753}.Release|Any CPU.Build.0 = Release|Any CPU
	EndGlobalSection
	GlobalSection(SolutionProperties) = preSolution
		HideSolutionNode = FALSE
	EndGlobalSection
	GlobalSection(ExtensibilityGlobals) = postSolution
		SolutionGuid = {F9701FCE-E429-41B2-A339-14591E8B8AB1}
	EndGlobalSection
EndGlobal
